
Microsoft Visual Studio Solution File, Format Version 9.00
# Visual Studio 2005
Project("{FAE04EC0-301F-11D3-BF4B-00C04F79EFBC}") = "Sneal.CmdLineParser", "Sneal.CmdLineParser\Sneal.CmdLineParser.csproj", "{E3846F62-5340-441B-B448-CCCFE4681F23}"
	ProjectSection(WebsiteProperties) = preProject
		Debug.AspNetCompiler.Debug = "True"
		Release.AspNetCompiler.Debug = "False"
	EndProjectSection
EndProject
Project("{FAE04EC0-301F-11D3-BF4B-00C04F79EFBC}") = "Sneal.CmdLineParser.Tests", "Sneal.CmdLineParser.Tests\Sneal.CmdLineParser.Tests.csproj", "{22A3D6F9-BE50-490A-BC23-3F801FA527AD}"
	ProjectSection(WebsiteProperties) = preProject
		Debug.AspNetCompiler.Debug = "True"
		Release.AspNetCompiler.Debug = "False"
	EndProjectSection
EndProject
Global
	GlobalSection(SolutionConfigurationPlatforms) = preSolution
		Debug|Any CPU = Debug|Any CPU
		Release|Any CPU = Release|Any CPU
	EndGlobalSection
	GlobalSection(ProjectConfigurationPlatforms) = postSolution
		{E3846F62-5340-441B-B448-CCCFE4681F23}.Debug|Any CPU.ActiveCfg = Debug|Any CPU
		{E3846F62-5340-441B-B448-CCCFE4681F23}.Debug|Any CPU.Build.0 = Debug|Any CPU
		{E3846F62-5340-441B-B448-CCCFE4681F23}.Release|Any CPU.ActiveCfg = Release|Any CPU
		{E3846F62-5340-441B-B448-CCCFE4681F23}.Release|Any CPU.Build.0 = Release|Any CPU
		{22A3D6F9-BE50-490A-BC23-3F801FA527AD}.Debug|Any CPU.ActiveCfg = Debug|Any CPU
		{22A3D6F9-BE50-490A-BC23-3F801FA527AD}.Debug|Any CPU.Build.0 = Debug|Any CPU
		{22A3D6F9-BE50-490A-BC23-3F801FA527AD}.Release|Any CPU.ActiveCfg = Release|Any CPU
		{22A3D6F9-BE50-490A-BC23-3F801FA527AD}.Release|Any CPU.Build.0 = Release|Any CPU
	EndGlobalSection
	GlobalSection(SolutionProperties) = preSolution
		HideSolutionNode = FALSE
	EndGlobalSection
EndGlobal
