
Microsoft Visual Studio Solution File, Format Version 9.00
# Visual Studio 2005
Project("{FAE04EC0-301F-11D3-BF4B-00C04F79EFBC}") = "Sneal.SqlMigration", "Sneal.SqlMigration\Sneal.SqlMigration.csproj", "{A8DFB5E0-EB7E-44AA-A9B0-20E0B531D4E0}"
	ProjectSection(WebsiteProperties) = preProject
		Debug.AspNetCompiler.Debug = "True"
		Release.AspNetCompiler.Debug = "False"
	EndProjectSection
EndProject
Project("{FAE04EC0-301F-11D3-BF4B-00C04F79EFBC}") = "Sneal.SqlMigration.Tests", "Sneal.SqlMigration.Tests\Sneal.SqlMigration.Tests.csproj", "{6644ED7C-370E-4E3A-A468-8CF168B2A9FF}"
	ProjectSection(WebsiteProperties) = preProject
		Debug.AspNetCompiler.Debug = "True"
		Release.AspNetCompiler.Debug = "False"
	EndProjectSection
EndProject
Project("{FAE04EC0-301F-11D3-BF4B-00C04F79EFBC}") = "Sneal.SqlMigrationConsole", "Sneal.SqlMigrationConsole\Sneal.SqlMigrationConsole.csproj", "{139779F9-AFA9-4A3F-8272-C6213DAA8B37}"
	ProjectSection(WebsiteProperties) = preProject
		Debug.AspNetCompiler.Debug = "True"
		Release.AspNetCompiler.Debug = "False"
	EndProjectSection
EndProject
Project("{FAE04EC0-301F-11D3-BF4B-00C04F79EFBC}") = "Sneal.SqlMigration.AdventureWorksTests", "Sneal.SqlMigration.AdventureWorksTests\Sneal.SqlMigration.AdventureWorksTests.csproj", "{AEEB1797-4DE2-46FE-8704-CCDBA4BD66C2}"
	ProjectSection(WebsiteProperties) = preProject
		Debug.AspNetCompiler.Debug = "True"
		Release.AspNetCompiler.Debug = "False"
	EndProjectSection
EndProject
Global
	GlobalSection(SolutionConfigurationPlatforms) = preSolution
		Debug|Any CPU = Debug|Any CPU
		Release|Any CPU = Release|Any CPU
	EndGlobalSection
	GlobalSection(ProjectConfigurationPlatforms) = postSolution
		{A8DFB5E0-EB7E-44AA-A9B0-20E0B531D4E0}.Debug|Any CPU.ActiveCfg = Debug|Any CPU
		{A8DFB5E0-EB7E-44AA-A9B0-20E0B531D4E0}.Debug|Any CPU.Build.0 = Debug|Any CPU
		{A8DFB5E0-EB7E-44AA-A9B0-20E0B531D4E0}.Release|Any CPU.ActiveCfg = Release|Any CPU
		{A8DFB5E0-EB7E-44AA-A9B0-20E0B531D4E0}.Release|Any CPU.Build.0 = Release|Any CPU
		{6644ED7C-370E-4E3A-A468-8CF168B2A9FF}.Debug|Any CPU.ActiveCfg = Debug|Any CPU
		{6644ED7C-370E-4E3A-A468-8CF168B2A9FF}.Debug|Any CPU.Build.0 = Debug|Any CPU
		{6644ED7C-370E-4E3A-A468-8CF168B2A9FF}.Release|Any CPU.ActiveCfg = Release|Any CPU
		{6644ED7C-370E-4E3A-A468-8CF168B2A9FF}.Release|Any CPU.Build.0 = Release|Any CPU
		{139779F9-AFA9-4A3F-8272-C6213DAA8B37}.Debug|Any CPU.ActiveCfg = Debug|Any CPU
		{139779F9-AFA9-4A3F-8272-C6213DAA8B37}.Debug|Any CPU.Build.0 = Debug|Any CPU
		{139779F9-AFA9-4A3F-8272-C6213DAA8B37}.Release|Any CPU.ActiveCfg = Release|Any CPU
		{139779F9-AFA9-4A3F-8272-C6213DAA8B37}.Release|Any CPU.Build.0 = Release|Any CPU
		{AEEB1797-4DE2-46FE-8704-CCDBA4BD66C2}.Debug|Any CPU.ActiveCfg = Debug|Any CPU
		{AEEB1797-4DE2-46FE-8704-CCDBA4BD66C2}.Debug|Any CPU.Build.0 = Debug|Any CPU
		{AEEB1797-4DE2-46FE-8704-CCDBA4BD66C2}.Release|Any CPU.ActiveCfg = Release|Any CPU
		{AEEB1797-4DE2-46FE-8704-CCDBA4BD66C2}.Release|Any CPU.Build.0 = Release|Any CPU
	EndGlobalSection
	GlobalSection(SolutionProperties) = preSolution
		HideSolutionNode = FALSE
	EndGlobalSection
EndGlobal
