
Microsoft Visual Studio Solution File, Format Version 10.00
# Visual Studio 2008
Project("{FAE04EC0-301F-11D3-BF4B-00C04F79EFBC}") = "Sneal.AspNetWindsorIntegration", "Sneal.AspNetWindsorIntegration\Sneal.AspNetWindsorIntegration.csproj", "{9E4804FC-AC02-4CC8-B32D-D0F469E52435}"
EndProject
Project("{FAE04EC0-301F-11D3-BF4B-00C04F79EFBC}") = "Sneal.AspNetWindsorIntegration.Tests", "Sneal.AspNetWindsorIntegration.Tests\Sneal.AspNetWindsorIntegration.Tests.csproj", "{A3569C66-CAEE-4C28-92AA-372F1E0F0FFE}"
EndProject
Project("{FAE04EC0-301F-11D3-BF4B-00C04F79EFBC}") = "Sneal.AspNetWindsorIntegration.WebSample", "Sneal.AspNetWindsorIntegration.WebSample\Sneal.AspNetWindsorIntegration.WebSample.csproj", "{0C8589C7-EC3D-491A-9FB0-BFF3644E90C2}"
EndProject
Global
	GlobalSection(SolutionConfigurationPlatforms) = preSolution
		Debug|Any CPU = Debug|Any CPU
		Release|Any CPU = Release|Any CPU
	EndGlobalSection
	GlobalSection(ProjectConfigurationPlatforms) = postSolution
		{9E4804FC-AC02-4CC8-B32D-D0F469E52435}.Debug|Any CPU.ActiveCfg = Debug|Any CPU
		{9E4804FC-AC02-4CC8-B32D-D0F469E52435}.Debug|Any CPU.Build.0 = Debug|Any CPU
		{9E4804FC-AC02-4CC8-B32D-D0F469E52435}.Release|Any CPU.ActiveCfg = Release|Any CPU
		{9E4804FC-AC02-4CC8-B32D-D0F469E52435}.Release|Any CPU.Build.0 = Release|Any CPU
		{A3569C66-CAEE-4C28-92AA-372F1E0F0FFE}.Debug|Any CPU.ActiveCfg = Debug|Any CPU
		{A3569C66-CAEE-4C28-92AA-372F1E0F0FFE}.Debug|Any CPU.Build.0 = Debug|Any CPU
		{A3569C66-CAEE-4C28-92AA-372F1E0F0FFE}.Release|Any CPU.ActiveCfg = Release|Any CPU
		{A3569C66-CAEE-4C28-92AA-372F1E0F0FFE}.Release|Any CPU.Build.0 = Release|Any CPU
		{0C8589C7-EC3D-491A-9FB0-BFF3644E90C2}.Debug|Any CPU.ActiveCfg = Debug|Any CPU
		{0C8589C7-EC3D-491A-9FB0-BFF3644E90C2}.Debug|Any CPU.Build.0 = Debug|Any CPU
		{0C8589C7-EC3D-491A-9FB0-BFF3644E90C2}.Release|Any CPU.ActiveCfg = Release|Any CPU
		{0C8589C7-EC3D-491A-9FB0-BFF3644E90C2}.Release|Any CPU.Build.0 = Release|Any CPU
	EndGlobalSection
	GlobalSection(SolutionProperties) = preSolution
		HideSolutionNode = FALSE
	EndGlobalSection
EndGlobal
