
Microsoft Visual Studio Solution File, Format Version 9.00
# Visual Studio 2005
Project("{FAE04EC0-301F-11D3-BF4B-00C04F79EFBC}") = "Sneal.Assertions", "Sneal.Assertions\Sneal.Assertions.csproj", "{05C66F1E-4B2F-44D3-9689-14D5B7ACE072}"
	ProjectSection(WebsiteProperties) = preProject
		Debug.AspNetCompiler.Debug = "True"
		Release.AspNetCompiler.Debug = "False"
	EndProjectSection
EndProject
Project("{FAE04EC0-301F-11D3-BF4B-00C04F79EFBC}") = "Sneal.Assertions.Tests", "Sneal.Assertions.Tests\Sneal.Assertions.Tests.csproj", "{601E3DA9-B910-4E49-8B36-CD67DBF9C9A0}"
	ProjectSection(WebsiteProperties) = preProject
		Debug.AspNetCompiler.Debug = "True"
		Release.AspNetCompiler.Debug = "False"
	EndProjectSection
EndProject
Global
	GlobalSection(SolutionConfigurationPlatforms) = preSolution
		Debug|Any CPU = Debug|Any CPU
		Release|Any CPU = Release|Any CPU
	EndGlobalSection
	GlobalSection(ProjectConfigurationPlatforms) = postSolution
		{05C66F1E-4B2F-44D3-9689-14D5B7ACE072}.Debug|Any CPU.ActiveCfg = Debug|Any CPU
		{05C66F1E-4B2F-44D3-9689-14D5B7ACE072}.Debug|Any CPU.Build.0 = Debug|Any CPU
		{05C66F1E-4B2F-44D3-9689-14D5B7ACE072}.Release|Any CPU.ActiveCfg = Release|Any CPU
		{05C66F1E-4B2F-44D3-9689-14D5B7ACE072}.Release|Any CPU.Build.0 = Release|Any CPU
		{601E3DA9-B910-4E49-8B36-CD67DBF9C9A0}.Debug|Any CPU.ActiveCfg = Debug|Any CPU
		{601E3DA9-B910-4E49-8B36-CD67DBF9C9A0}.Debug|Any CPU.Build.0 = Debug|Any CPU
		{601E3DA9-B910-4E49-8B36-CD67DBF9C9A0}.Release|Any CPU.ActiveCfg = Release|Any CPU
		{601E3DA9-B910-4E49-8B36-CD67DBF9C9A0}.Release|Any CPU.Build.0 = Release|Any CPU
	EndGlobalSection
	GlobalSection(SolutionProperties) = preSolution
		HideSolutionNode = FALSE
	EndGlobalSection
EndGlobal
