
Microsoft Visual Studio Solution File, Format Version 10.00
# Visual Studio 2008
Project("{FAE04EC0-301F-11D3-BF4B-00C04F79EFBC}") = "Sneal.ReSharper.MsTest", "Sneal.ReSharper.MsTest\Sneal.ReSharper.MsTest.csproj", "{751F04EE-3A62-4895-AE49-7993B70F80F8}"
EndProject
Global
	GlobalSection(SolutionConfigurationPlatforms) = preSolution
		Debug|Any CPU = Debug|Any CPU
		Release|Any CPU = Release|Any CPU
	EndGlobalSection
	GlobalSection(ProjectConfigurationPlatforms) = postSolution
		{751F04EE-3A62-4895-AE49-7993B70F80F8}.Debug|Any CPU.ActiveCfg = Debug|Any CPU
		{751F04EE-3A62-4895-AE49-7993B70F80F8}.Debug|Any CPU.Build.0 = Debug|Any CPU
		{751F04EE-3A62-4895-AE49-7993B70F80F8}.Release|Any CPU.ActiveCfg = Release|Any CPU
		{751F04EE-3A62-4895-AE49-7993B70F80F8}.Release|Any CPU.Build.0 = Release|Any CPU
	EndGlobalSection
	GlobalSection(SolutionProperties) = preSolution
		HideSolutionNode = FALSE
	EndGlobalSection
EndGlobal
